// !$*UTF8*$!
{
	archiveVersion = 1;
	classes = {
	};
	objectVersion = 46;
	objects = {

/* Begin PBXBuildFile section */
		C1954F164FF90684CE91FB21 /* Pods___.framework in Frameworks */ = {isa = PBXBuildFile; fileRef = 084F9979255E2A336276D8DD /* Pods___.framework */; };
		E41B6E2D1DB25667007DD8D3 /* HLNavigationController.m in Sources */ = {isa = PBXBuildFile; fileRef = E41B6E2C1DB25667007DD8D3 /* HLNavigationController.m */; };
		E42430FA1DA7EA9000BFA493 /* HLXMPPTool.m in Sources */ = {isa = PBXBuildFile; fileRef = E42430F91DA7EA9000BFA493 /* HLXMPPTool.m */; };
		E42B8BE51DA6478300533DC8 /* HLBaseLoginController.m in Sources */ = {isa = PBXBuildFile; fileRef = E42B8BE41DA6478300533DC8 /* HLBaseLoginController.m */; };
		E43798151DBC9A5B0048C319 /* UIInputView+HL.m in Sources */ = {isa = PBXBuildFile; fileRef = E43798141DBC9A5B0048C319 /* UIInputView+HL.m */; };
		E43E563D1DB9B463005551D0 /* HLSendViewCell.m in Sources */ = {isa = PBXBuildFile; fileRef = E43E563C1DB9B463005551D0 /* HLSendViewCell.m */; };
		E43E56401DB9B570005551D0 /* HLReceiveViewCell.m in Sources */ = {isa = PBXBuildFile; fileRef = E43E563F1DB9B570005551D0 /* HLReceiveViewCell.m */; };
		E43E56431DB9C657005551D0 /* HLChatViewCell.m in Sources */ = {isa = PBXBuildFile; fileRef = E43E56421DB9C657005551D0 /* HLChatViewCell.m */; };
		E43E56461DB9CDEF005551D0 /* NSDate+HL.m in Sources */ = {isa = PBXBuildFile; fileRef = E43E56451DB9CDEF005551D0 /* NSDate+HL.m */; };
		E43E56491DBA30CA005551D0 /* HLCustomKeyboard.m in Sources */ = {isa = PBXBuildFile; fileRef = E43E56481DBA30CA005551D0 /* HLCustomKeyboard.m */; };
		E43E564B1DBA311F005551D0 /* HLCustomKeyboard.xib in Resources */ = {isa = PBXBuildFile; fileRef = E43E564A1DBA311F005551D0 /* HLCustomKeyboard.xib */; };
		E43E564D1DBA4E8E005551D0 /* keyboard.plist in Resources */ = {isa = PBXBuildFile; fileRef = E43E564C1DBA4E8E005551D0 /* keyboard.plist */; };
		E43F5EF71DB78B3200DB6763 /* HLHttpTool.m in Sources */ = {isa = PBXBuildFile; fileRef = E43F5EF61DB78B3200DB6763 /* HLHttpTool.m */; };
		E43F5EFA1DB7C56F00DB6763 /* HLChatViewController.m in Sources */ = {isa = PBXBuildFile; fileRef = E43F5EF91DB7C56F00DB6763 /* HLChatViewController.m */; };
		E454D4D71D9FD3BD00EA1B08 /* main.m in Sources */ = {isa = PBXBuildFile; fileRef = E454D4D61D9FD3BD00EA1B08 /* main.m */; };
		E454D4E21D9FD3BD00EA1B08 /* Assets.xcassets in Resources */ = {isa = PBXBuildFile; fileRef = E454D4E11D9FD3BD00EA1B08 /* Assets.xcassets */; };
		E454D4E51D9FD3BD00EA1B08 /* LaunchScreen.storyboard in Resources */ = {isa = PBXBuildFile; fileRef = E454D4E31D9FD3BD00EA1B08 /* LaunchScreen.storyboard */; };
		E4611E181DA3EFE30064AD6C /* AppDelegate.m in Sources */ = {isa = PBXBuildFile; fileRef = E4611E171DA3EFE30064AD6C /* AppDelegate.m */; };
		E4611E1B1DA3F05C0064AD6C /* Main.storyboard in Resources */ = {isa = PBXBuildFile; fileRef = E4611E1A1DA3F05C0064AD6C /* Main.storyboard */; };
		E4611E2A1DA3F2170064AD6C /* HLLoginController.m in Sources */ = {isa = PBXBuildFile; fileRef = E4611E251DA3F2170064AD6C /* HLLoginController.m */; };
		E4611E2B1DA3F2170064AD6C /* HLOtherLoginController.m in Sources */ = {isa = PBXBuildFile; fileRef = E4611E271DA3F2170064AD6C /* HLOtherLoginController.m */; };
		E48CC2011DA7FDD90099119C /* NSString+md5.m in Sources */ = {isa = PBXBuildFile; fileRef = E48CC1F41DA7FDD90099119C /* NSString+md5.m */; };
		E48CC2021DA7FDD90099119C /* UIButton+HL.m in Sources */ = {isa = PBXBuildFile; fileRef = E48CC1F61DA7FDD90099119C /* UIButton+HL.m */; };
		E48CC2031DA7FDD90099119C /* UIImage+HL.m in Sources */ = {isa = PBXBuildFile; fileRef = E48CC1F81DA7FDD90099119C /* UIImage+HL.m */; };
		E48CC2041DA7FDD90099119C /* UIScreen+HL.m in Sources */ = {isa = PBXBuildFile; fileRef = E48CC1FA1DA7FDD90099119C /* UIScreen+HL.m */; };
		E48CC2051DA7FDD90099119C /* UIStoryboard+HL.m in Sources */ = {isa = PBXBuildFile; fileRef = E48CC1FC1DA7FDD90099119C /* UIStoryboard+HL.m */; };
		E48CC2061DA7FDD90099119C /* UITextField+HL.m in Sources */ = {isa = PBXBuildFile; fileRef = E48CC1FE1DA7FDD90099119C /* UITextField+HL.m */; };
		E48CC2071DA7FDD90099119C /* UIView+HL.m in Sources */ = {isa = PBXBuildFile; fileRef = E48CC2001DA7FDD90099119C /* UIView+HL.m */; };
		E48E4E5D1DB32FE600C4A25F /* HLAddFriendTableController.m in Sources */ = {isa = PBXBuildFile; fileRef = E48E4E581DB32FE600C4A25F /* HLAddFriendTableController.m */; };
		E48E4E5E1DB32FE600C4A25F /* HLContactsTableController.m in Sources */ = {isa = PBXBuildFile; fileRef = E48E4E5A1DB32FE600C4A25F /* HLContactsTableController.m */; };
		E48E4E711DB32FFB00C4A25F /* HLMeTableController.m in Sources */ = {isa = PBXBuildFile; fileRef = E48E4E6A1DB32FFB00C4A25F /* HLMeTableController.m */; };
		E48E4E721DB32FFB00C4A25F /* HLUserInfoController.m in Sources */ = {isa = PBXBuildFile; fileRef = E48E4E6C1DB32FFB00C4A25F /* HLUserInfoController.m */; };
		E48E4E731DB32FFB00C4A25F /* HLUserInfoUpdateController.m in Sources */ = {isa = PBXBuildFile; fileRef = E48E4E6E1DB32FFB00C4A25F /* HLUserInfoUpdateController.m */; };
		E4B9D6AD1DA51A440012C87E /* HLUserInfo.m in Sources */ = {isa = PBXBuildFile; fileRef = E4B9D6AC1DA51A440012C87E /* HLUserInfo.m */; };
		E4C045DC1DA0EF9E0013172D /* Login.storyboard in Resources */ = {isa = PBXBuildFile; fileRef = E4C045DB1DA0EF9E0013172D /* Login.storyboard */; };
/* End PBXBuildFile section */

/* Begin PBXFileReference section */
		084F9979255E2A336276D8DD /* Pods___.framework */ = {isa = PBXFileReference; explicitFileType = wrapper.framework; includeInIndex = 0; path = "Pods___.framework"; sourceTree = BUILT_PRODUCTS_DIR; };
		8DF68583F2A784A219EAAA26 /* Pods-倾聊.debug.xcconfig */ = {isa = PBXFileReference; includeInIndex = 1; lastKnownFileType = text.xcconfig; name = "Pods-倾聊.debug.xcconfig"; path = "Pods/Target Support Files/Pods-倾聊/Pods-倾聊.debug.xcconfig"; sourceTree = "<group>"; };
		B2A5475611D33C47531BED9F /* Pods-倾聊.release.xcconfig */ = {isa = PBXFileReference; includeInIndex = 1; lastKnownFileType = text.xcconfig; name = "Pods-倾聊.release.xcconfig"; path = "Pods/Target Support Files/Pods-倾聊/Pods-倾聊.release.xcconfig"; sourceTree = "<group>"; };
		E41B6E2B1DB25667007DD8D3 /* HLNavigationController.h */ = {isa = PBXFileReference; fileEncoding = 4; lastKnownFileType = sourcecode.c.h; path = HLNavigationController.h; sourceTree = "<group>"; };
		E41B6E2C1DB25667007DD8D3 /* HLNavigationController.m */ = {isa = PBXFileReference; fileEncoding = 4; lastKnownFileType = sourcecode.c.objc; path = HLNavigationController.m; sourceTree = "<group>"; };
		E42430F81DA7EA9000BFA493 /* HLXMPPTool.h */ = {isa = PBXFileReference; fileEncoding = 4; lastKnownFileType = sourcecode.c.h; path = HLXMPPTool.h; sourceTree = "<group>"; };
		E42430F91DA7EA9000BFA493 /* HLXMPPTool.m */ = {isa = PBXFileReference; fileEncoding = 4; lastKnownFileType = sourcecode.c.objc; path = HLXMPPTool.m; sourceTree = "<group>"; };
		E42B8BE31DA6478300533DC8 /* HLBaseLoginController.h */ = {isa = PBXFileReference; fileEncoding = 4; lastKnownFileType = sourcecode.c.h; path = HLBaseLoginController.h; sourceTree = "<group>"; };
		E42B8BE41DA6478300533DC8 /* HLBaseLoginController.m */ = {isa = PBXFileReference; fileEncoding = 4; lastKnownFileType = sourcecode.c.objc; path = HLBaseLoginController.m; sourceTree = "<group>"; };
		E43798131DBC9A5B0048C319 /* UIInputView+HL.h */ = {isa = PBXFileReference; fileEncoding = 4; lastKnownFileType = sourcecode.c.h; path = "UIInputView+HL.h"; sourceTree = "<group>"; };
		E43798141DBC9A5B0048C319 /* UIInputView+HL.m */ = {isa = PBXFileReference; fileEncoding = 4; lastKnownFileType = sourcecode.c.objc; path = "UIInputView+HL.m"; sourceTree = "<group>"; };
		E43E563B1DB9B463005551D0 /* HLSendViewCell.h */ = {isa = PBXFileReference; fileEncoding = 4; lastKnownFileType = sourcecode.c.h; path = HLSendViewCell.h; sourceTree = "<group>"; };
		E43E563C1DB9B463005551D0 /* HLSendViewCell.m */ = {isa = PBXFileReference; fileEncoding = 4; lastKnownFileType = sourcecode.c.objc; path = HLSendViewCell.m; sourceTree = "<group>"; };
		E43E563E1DB9B570005551D0 /* HLReceiveViewCell.h */ = {isa = PBXFileReference; fileEncoding = 4; lastKnownFileType = sourcecode.c.h; path = HLReceiveViewCell.h; sourceTree = "<group>"; };
		E43E563F1DB9B570005551D0 /* HLReceiveViewCell.m */ = {isa = PBXFileReference; fileEncoding = 4; lastKnownFileType = sourcecode.c.objc; path = HLReceiveViewCell.m; sourceTree = "<group>"; };
		E43E56411DB9C657005551D0 /* HLChatViewCell.h */ = {isa = PBXFileReference; fileEncoding = 4; lastKnownFileType = sourcecode.c.h; path = HLChatViewCell.h; sourceTree = "<group>"; };
		E43E56421DB9C657005551D0 /* HLChatViewCell.m */ = {isa = PBXFileReference; fileEncoding = 4; lastKnownFileType = sourcecode.c.objc; path = HLChatViewCell.m; sourceTree = "<group>"; };
		E43E56441DB9CDEF005551D0 /* NSDate+HL.h */ = {isa = PBXFileReference; fileEncoding = 4; lastKnownFileType = sourcecode.c.h; path = "NSDate+HL.h"; sourceTree = "<group>"; };
		E43E56451DB9CDEF005551D0 /* NSDate+HL.m */ = {isa = PBXFileReference; fileEncoding = 4; lastKnownFileType = sourcecode.c.objc; path = "NSDate+HL.m"; sourceTree = "<group>"; };
		E43E56471DBA30CA005551D0 /* HLCustomKeyboard.h */ = {isa = PBXFileReference; fileEncoding = 4; lastKnownFileType = sourcecode.c.h; path = HLCustomKeyboard.h; sourceTree = "<group>"; };
		E43E56481DBA30CA005551D0 /* HLCustomKeyboard.m */ = {isa = PBXFileReference; fileEncoding = 4; lastKnownFileType = sourcecode.c.objc; path = HLCustomKeyboard.m; sourceTree = "<group>"; };
		E43E564A1DBA311F005551D0 /* HLCustomKeyboard.xib */ = {isa = PBXFileReference; fileEncoding = 4; lastKnownFileType = file.xib; path = HLCustomKeyboard.xib; sourceTree = "<group>"; };
		E43E564C1DBA4E8E005551D0 /* keyboard.plist */ = {isa = PBXFileReference; fileEncoding = 4; lastKnownFileType = text.plist.xml; path = keyboard.plist; sourceTree = "<group>"; };
		E43F5EF51DB78B3200DB6763 /* HLHttpTool.h */ = {isa = PBXFileReference; fileEncoding = 4; lastKnownFileType = sourcecode.c.h; path = HLHttpTool.h; sourceTree = "<group>"; };
		E43F5EF61DB78B3200DB6763 /* HLHttpTool.m */ = {isa = PBXFileReference; fileEncoding = 4; lastKnownFileType = sourcecode.c.objc; path = HLHttpTool.m; sourceTree = "<group>"; };
		E43F5EF81DB7C56F00DB6763 /* HLChatViewController.h */ = {isa = PBXFileReference; fileEncoding = 4; lastKnownFileType = sourcecode.c.h; path = HLChatViewController.h; sourceTree = "<group>"; };
		E43F5EF91DB7C56F00DB6763 /* HLChatViewController.m */ = {isa = PBXFileReference; fileEncoding = 4; lastKnownFileType = sourcecode.c.objc; path = HLChatViewController.m; sourceTree = "<group>"; };
		E454D4D21D9FD3BD00EA1B08 /* 倾聊.app */ = {isa = PBXFileReference; explicitFileType = wrapper.application; includeInIndex = 0; path = "倾聊.app"; sourceTree = BUILT_PRODUCTS_DIR; };
		E454D4D61D9FD3BD00EA1B08 /* main.m */ = {isa = PBXFileReference; lastKnownFileType = sourcecode.c.objc; path = main.m; sourceTree = "<group>"; };
		E454D4E11D9FD3BD00EA1B08 /* Assets.xcassets */ = {isa = PBXFileReference; lastKnownFileType = folder.assetcatalog; path = Assets.xcassets; sourceTree = "<group>"; };
		E454D4E41D9FD3BD00EA1B08 /* Base */ = {isa = PBXFileReference; lastKnownFileType = file.storyboard; name = Base; path = Base.lproj/LaunchScreen.storyboard; sourceTree = "<group>"; };
		E454D4E61D9FD3BD00EA1B08 /* Info.plist */ = {isa = PBXFileReference; lastKnownFileType = text.plist.xml; path = Info.plist; sourceTree = "<group>"; };
		E4611E161DA3EFE30064AD6C /* AppDelegate.h */ = {isa = PBXFileReference; fileEncoding = 4; lastKnownFileType = sourcecode.c.h; path = AppDelegate.h; sourceTree = "<group>"; };
		E4611E171DA3EFE30064AD6C /* AppDelegate.m */ = {isa = PBXFileReference; fileEncoding = 4; lastKnownFileType = sourcecode.c.objc; path = AppDelegate.m; sourceTree = "<group>"; };
		E4611E191DA3F0130064AD6C /* PrefixHeader.pch */ = {isa = PBXFileReference; lastKnownFileType = sourcecode.c.h; path = PrefixHeader.pch; sourceTree = "<group>"; };
		E4611E1A1DA3F05C0064AD6C /* Main.storyboard */ = {isa = PBXFileReference; fileEncoding = 4; lastKnownFileType = file.storyboard; path = Main.storyboard; sourceTree = "<group>"; };
		E4611E241DA3F2170064AD6C /* HLLoginController.h */ = {isa = PBXFileReference; fileEncoding = 4; lastKnownFileType = sourcecode.c.h; path = HLLoginController.h; sourceTree = "<group>"; };
		E4611E251DA3F2170064AD6C /* HLLoginController.m */ = {isa = PBXFileReference; fileEncoding = 4; lastKnownFileType = sourcecode.c.objc; path = HLLoginController.m; sourceTree = "<group>"; };
		E4611E261DA3F2170064AD6C /* HLOtherLoginController.h */ = {isa = PBXFileReference; fileEncoding = 4; lastKnownFileType = sourcecode.c.h; path = HLOtherLoginController.h; sourceTree = "<group>"; };
		E4611E271DA3F2170064AD6C /* HLOtherLoginController.m */ = {isa = PBXFileReference; fileEncoding = 4; lastKnownFileType = sourcecode.c.objc; path = HLOtherLoginController.m; sourceTree = "<group>"; };
		E48CC1F21DA7FDD90099119C /* CategoryHL.h */ = {isa = PBXFileReference; fileEncoding = 4; lastKnownFileType = sourcecode.c.h; path = CategoryHL.h; sourceTree = "<group>"; };
		E48CC1F31DA7FDD90099119C /* NSString+md5.h */ = {isa = PBXFileReference; fileEncoding = 4; lastKnownFileType = sourcecode.c.h; path = "NSString+md5.h"; sourceTree = "<group>"; };
		E48CC1F41DA7FDD90099119C /* NSString+md5.m */ = {isa = PBXFileReference; fileEncoding = 4; lastKnownFileType = sourcecode.c.objc; path = "NSString+md5.m"; sourceTree = "<group>"; };
		E48CC1F51DA7FDD90099119C /* UIButton+HL.h */ = {isa = PBXFileReference; fileEncoding = 4; lastKnownFileType = sourcecode.c.h; path = "UIButton+HL.h"; sourceTree = "<group>"; };
		E48CC1F61DA7FDD90099119C /* UIButton+HL.m */ = {isa = PBXFileReference; fileEncoding = 4; lastKnownFileType = sourcecode.c.objc; path = "UIButton+HL.m"; sourceTree = "<group>"; };
		E48CC1F71DA7FDD90099119C /* UIImage+HL.h */ = {isa = PBXFileReference; fileEncoding = 4; lastKnownFileType = sourcecode.c.h; path = "UIImage+HL.h"; sourceTree = "<group>"; };
		E48CC1F81DA7FDD90099119C /* UIImage+HL.m */ = {isa = PBXFileReference; fileEncoding = 4; lastKnownFileType = sourcecode.c.objc; path = "UIImage+HL.m"; sourceTree = "<group>"; };
		E48CC1F91DA7FDD90099119C /* UIScreen+HL.h */ = {isa = PBXFileReference; fileEncoding = 4; lastKnownFileType = sourcecode.c.h; path = "UIScreen+HL.h"; sourceTree = "<group>"; };
		E48CC1FA1DA7FDD90099119C /* UIScreen+HL.m */ = {isa = PBXFileReference; fileEncoding = 4; lastKnownFileType = sourcecode.c.objc; path = "UIScreen+HL.m"; sourceTree = "<group>"; };
		E48CC1FB1DA7FDD90099119C /* UIStoryboard+HL.h */ = {isa = PBXFileReference; fileEncoding = 4; lastKnownFileType = sourcecode.c.h; path = "UIStoryboard+HL.h"; sourceTree = "<group>"; };
		E48CC1FC1DA7FDD90099119C /* UIStoryboard+HL.m */ = {isa = PBXFileReference; fileEncoding = 4; lastKnownFileType = sourcecode.c.objc; path = "UIStoryboard+HL.m"; sourceTree = "<group>"; };
		E48CC1FD1DA7FDD90099119C /* UITextField+HL.h */ = {isa = PBXFileReference; fileEncoding = 4; lastKnownFileType = sourcecode.c.h; path = "UITextField+HL.h"; sourceTree = "<group>"; };
		E48CC1FE1DA7FDD90099119C /* UITextField+HL.m */ = {isa = PBXFileReference; fileEncoding = 4; lastKnownFileType = sourcecode.c.objc; path = "UITextField+HL.m"; sourceTree = "<group>"; };
		E48CC1FF1DA7FDD90099119C /* UIView+HL.h */ = {isa = PBXFileReference; fileEncoding = 4; lastKnownFileType = sourcecode.c.h; path = "UIView+HL.h"; sourceTree = "<group>"; };
		E48CC2001DA7FDD90099119C /* UIView+HL.m */ = {isa = PBXFileReference; fileEncoding = 4; lastKnownFileType = sourcecode.c.objc; path = "UIView+HL.m"; sourceTree = "<group>"; };
		E48E4E571DB32FE600C4A25F /* HLAddFriendTableController.h */ = {isa = PBXFileReference; fileEncoding = 4; lastKnownFileType = sourcecode.c.h; path = HLAddFriendTableController.h; sourceTree = "<group>"; };
		E48E4E581DB32FE600C4A25F /* HLAddFriendTableController.m */ = {isa = PBXFileReference; fileEncoding = 4; lastKnownFileType = sourcecode.c.objc; path = HLAddFriendTableController.m; sourceTree = "<group>"; };
		E48E4E591DB32FE600C4A25F /* HLContactsTableController.h */ = {isa = PBXFileReference; fileEncoding = 4; lastKnownFileType = sourcecode.c.h; path = HLContactsTableController.h; sourceTree = "<group>"; };
		E48E4E5A1DB32FE600C4A25F /* HLContactsTableController.m */ = {isa = PBXFileReference; fileEncoding = 4; lastKnownFileType = sourcecode.c.objc; path = HLContactsTableController.m; sourceTree = "<group>"; };
		E48E4E691DB32FFB00C4A25F /* HLMeTableController.h */ = {isa = PBXFileReference; fileEncoding = 4; lastKnownFileType = sourcecode.c.h; path = HLMeTableController.h; sourceTree = "<group>"; };
		E48E4E6A1DB32FFB00C4A25F /* HLMeTableController.m */ = {isa = PBXFileReference; fileEncoding = 4; lastKnownFileType = sourcecode.c.objc; path = HLMeTableController.m; sourceTree = "<group>"; };
		E48E4E6B1DB32FFB00C4A25F /* HLUserInfoController.h */ = {isa = PBXFileReference; fileEncoding = 4; lastKnownFileType = sourcecode.c.h; path = HLUserInfoController.h; sourceTree = "<group>"; };
		E48E4E6C1DB32FFB00C4A25F /* HLUserInfoController.m */ = {isa = PBXFileReference; fileEncoding = 4; lastKnownFileType = sourcecode.c.objc; path = HLUserInfoController.m; sourceTree = "<group>"; };
		E48E4E6D1DB32FFB00C4A25F /* HLUserInfoUpdateController.h */ = {isa = PBXFileReference; fileEncoding = 4; lastKnownFileType = sourcecode.c.h; path = HLUserInfoUpdateController.h; sourceTree = "<group>"; };
		E48E4E6E1DB32FFB00C4A25F /* HLUserInfoUpdateController.m */ = {isa = PBXFileReference; fileEncoding = 4; lastKnownFileType = sourcecode.c.objc; path = HLUserInfoUpdateController.m; sourceTree = "<group>"; };
		E4B9D6AB1DA51A440012C87E /* HLUserInfo.h */ = {isa = PBXFileReference; fileEncoding = 4; lastKnownFileType = sourcecode.c.h; path = HLUserInfo.h; sourceTree = "<group>"; };
		E4B9D6AC1DA51A440012C87E /* HLUserInfo.m */ = {isa = PBXFileReference; fileEncoding = 4; lastKnownFileType = sourcecode.c.objc; path = HLUserInfo.m; sourceTree = "<group>"; };
		E4B9D6AE1DA51E000012C87E /* Singleton.h */ = {isa = PBXFileReference; lastKnownFileType = sourcecode.c.h; path = Singleton.h; sourceTree = "<group>"; };
		E4C045DB1DA0EF9E0013172D /* Login.storyboard */ = {isa = PBXFileReference; fileEncoding = 4; lastKnownFileType = file.storyboard; path = Login.storyboard; sourceTree = "<group>"; };
		E4E6C5DB1DB0C27A0071B71D /* zh-Hans */ = {isa = PBXFileReference; lastKnownFileType = text.plist.strings; name = "zh-Hans"; path = "zh-Hans.lproj/LaunchScreen.strings"; sourceTree = "<group>"; };
/* End PBXFileReference section */

/* Begin PBXFrameworksBuildPhase section */
		E454D4CF1D9FD3BD00EA1B08 /* Frameworks */ = {
			isa = PBXFrameworksBuildPhase;
			buildActionMask = 2147483647;
			files = (
				C1954F164FF90684CE91FB21 /* Pods___.framework in Frameworks */,
			);
			runOnlyForDeploymentPostprocessing = 0;
		};
/* End PBXFrameworksBuildPhase section */

/* Begin PBXGroup section */
		3BFC2BA5F16E519DAD22CEF1 /* Pods */ = {
			isa = PBXGroup;
			children = (
				8DF68583F2A784A219EAAA26 /* Pods-倾聊.debug.xcconfig */,
				B2A5475611D33C47531BED9F /* Pods-倾聊.release.xcconfig */,
			);
			name = Pods;
			sourceTree = "<group>";
		};
		80569164F6AB04E600F401EE /* Frameworks */ = {
			isa = PBXGroup;
			children = (
				084F9979255E2A336276D8DD /* Pods___.framework */,
			);
			name = Frameworks;
			sourceTree = "<group>";
		};
		E42430F61DA7EA5900BFA493 /* Controllers */ = {
			isa = PBXGroup;
			children = (
				E41B6E2B1DB25667007DD8D3 /* HLNavigationController.h */,
				E41B6E2C1DB25667007DD8D3 /* HLNavigationController.m */,
			);
			path = Controllers;
			sourceTree = "<group>";
		};
		E42430F71DA7EA6F00BFA493 /* Tools */ = {
			isa = PBXGroup;
			children = (
				E43F5EF51DB78B3200DB6763 /* HLHttpTool.h */,
				E43F5EF61DB78B3200DB6763 /* HLHttpTool.m */,
				E42430F81DA7EA9000BFA493 /* HLXMPPTool.h */,
				E42430F91DA7EA9000BFA493 /* HLXMPPTool.m */,
			);
			path = Tools;
			sourceTree = "<group>";
		};
		E454D4C91D9FD3BD00EA1B08 = {
			isa = PBXGroup;
			children = (
				E454D4D41D9FD3BD00EA1B08 /* 倾聊 */,
				E454D4D31D9FD3BD00EA1B08 /* Products */,
				3BFC2BA5F16E519DAD22CEF1 /* Pods */,
				80569164F6AB04E600F401EE /* Frameworks */,
			);
			sourceTree = "<group>";
		};
		E454D4D31D9FD3BD00EA1B08 /* Products */ = {
			isa = PBXGroup;
			children = (
				E454D4D21D9FD3BD00EA1B08 /* 倾聊.app */,
			);
			name = Products;
			sourceTree = "<group>";
		};
		E454D4D41D9FD3BD00EA1B08 /* 倾聊 */ = {
			isa = PBXGroup;
			children = (
				E4C045D21DA0B44F0013172D /* Classes */,
				E454D4D51D9FD3BD00EA1B08 /* Supporting Files */,
			);
			path = "倾聊";
			sourceTree = "<group>";
		};
		E454D4D51D9FD3BD00EA1B08 /* Supporting Files */ = {
			isa = PBXGroup;
			children = (
				E454D4E61D9FD3BD00EA1B08 /* Info.plist */,
				E454D4E11D9FD3BD00EA1B08 /* Assets.xcassets */,
				E454D4E31D9FD3BD00EA1B08 /* LaunchScreen.storyboard */,
				E454D4D61D9FD3BD00EA1B08 /* main.m */,
			);
			name = "Supporting Files";
			sourceTree = "<group>";
		};
		E4611DFE1DA3EFA20064AD6C /* Other */ = {
			isa = PBXGroup;
			children = (
				E48CC1F11DA7FDD90099119C /* Category */,
				E42430F71DA7EA6F00BFA493 /* Tools */,
				E4B9D6A21DA51A210012C87E /* Model */,
				E4B9D6A31DA51A210012C87E /* Views */,
				E42430F61DA7EA5900BFA493 /* Controllers */,
				E4611E161DA3EFE30064AD6C /* AppDelegate.h */,
				E4611E171DA3EFE30064AD6C /* AppDelegate.m */,
				E4611E191DA3F0130064AD6C /* PrefixHeader.pch */,
			);
			path = Other;
			sourceTree = "<group>";
		};
		E4611E231DA3F2170064AD6C /* Controllers */ = {
			isa = PBXGroup;
			children = (
				E4611E241DA3F2170064AD6C /* HLLoginController.h */,
				E4611E251DA3F2170064AD6C /* HLLoginController.m */,
				E4611E261DA3F2170064AD6C /* HLOtherLoginController.h */,
				E4611E271DA3F2170064AD6C /* HLOtherLoginController.m */,
				E42B8BE31DA6478300533DC8 /* HLBaseLoginController.h */,
				E42B8BE41DA6478300533DC8 /* HLBaseLoginController.m */,
			);
			path = Controllers;
			sourceTree = "<group>";
		};
		E4611E281DA3F2170064AD6C /* Model */ = {
			isa = PBXGroup;
			children = (
			);
			path = Model;
			sourceTree = "<group>";
		};
		E4611E291DA3F2170064AD6C /* Views */ = {
			isa = PBXGroup;
			children = (
			);
			path = Views;
			sourceTree = "<group>";
		};
		E48CC1F11DA7FDD90099119C /* Category */ = {
			isa = PBXGroup;
			children = (
				E48CC1F21DA7FDD90099119C /* CategoryHL.h */,
				E43E56441DB9CDEF005551D0 /* NSDate+HL.h */,
				E43E56451DB9CDEF005551D0 /* NSDate+HL.m */,
				E43798131DBC9A5B0048C319 /* UIInputView+HL.h */,
				E43798141DBC9A5B0048C319 /* UIInputView+HL.m */,
				E48CC1F31DA7FDD90099119C /* NSString+md5.h */,
				E48CC1F41DA7FDD90099119C /* NSString+md5.m */,
				E48CC1F51DA7FDD90099119C /* UIButton+HL.h */,
				E48CC1F61DA7FDD90099119C /* UIButton+HL.m */,
				E48CC1F71DA7FDD90099119C /* UIImage+HL.h */,
				E48CC1F81DA7FDD90099119C /* UIImage+HL.m */,
				E48CC1F91DA7FDD90099119C /* UIScreen+HL.h */,
				E48CC1FA1DA7FDD90099119C /* UIScreen+HL.m */,
				E48CC1FB1DA7FDD90099119C /* UIStoryboard+HL.h */,
				E48CC1FC1DA7FDD90099119C /* UIStoryboard+HL.m */,
				E48CC1FD1DA7FDD90099119C /* UITextField+HL.h */,
				E48CC1FE1DA7FDD90099119C /* UITextField+HL.m */,
				E48CC1FF1DA7FDD90099119C /* UIView+HL.h */,
				E48CC2001DA7FDD90099119C /* UIView+HL.m */,
			);
			path = Category;
			sourceTree = "<group>";
		};
		E48E4E551DB32FE600C4A25F /* Contact */ = {
			isa = PBXGroup;
			children = (
				E48E4E561DB32FE600C4A25F /* Controller */,
				E48E4E5B1DB32FE600C4A25F /* Model */,
				E48E4E5C1DB32FE600C4A25F /* View */,
			);
			path = Contact;
			sourceTree = "<group>";
		};
		E48E4E561DB32FE600C4A25F /* Controller */ = {
			isa = PBXGroup;
			children = (
				E48E4E591DB32FE600C4A25F /* HLContactsTableController.h */,
				E48E4E5A1DB32FE600C4A25F /* HLContactsTableController.m */,
				E48E4E571DB32FE600C4A25F /* HLAddFriendTableController.h */,
				E48E4E581DB32FE600C4A25F /* HLAddFriendTableController.m */,
				E43F5EF81DB7C56F00DB6763 /* HLChatViewController.h */,
				E43F5EF91DB7C56F00DB6763 /* HLChatViewController.m */,
			);
			path = Controller;
			sourceTree = "<group>";
		};
		E48E4E5B1DB32FE600C4A25F /* Model */ = {
			isa = PBXGroup;
			children = (
			);
			path = Model;
			sourceTree = "<group>";
		};
		E48E4E5C1DB32FE600C4A25F /* View */ = {
			isa = PBXGroup;
			children = (
				E43E563B1DB9B463005551D0 /* HLSendViewCell.h */,
				E43E563C1DB9B463005551D0 /* HLSendViewCell.m */,
				E43E563E1DB9B570005551D0 /* HLReceiveViewCell.h */,
				E43E563F1DB9B570005551D0 /* HLReceiveViewCell.m */,
				E43E56411DB9C657005551D0 /* HLChatViewCell.h */,
				E43E56421DB9C657005551D0 /* HLChatViewCell.m */,
				E43E56471DBA30CA005551D0 /* HLCustomKeyboard.h */,
				E43E56481DBA30CA005551D0 /* HLCustomKeyboard.m */,
				E43E564A1DBA311F005551D0 /* HLCustomKeyboard.xib */,
			);
			path = View;
			sourceTree = "<group>";
		};
		E48E4E5F1DB32FEE00C4A25F /* Discover */ = {
			isa = PBXGroup;
			children = (
				E48E4E601DB32FEE00C4A25F /* Controller */,
				E48E4E611DB32FEE00C4A25F /* Model */,
				E48E4E621DB32FEE00C4A25F /* View */,
			);
			path = Discover;
			sourceTree = "<group>";
		};
		E48E4E601DB32FEE00C4A25F /* Controller */ = {
			isa = PBXGroup;
			children = (
			);
			path = Controller;
			sourceTree = "<group>";
		};
		E48E4E611DB32FEE00C4A25F /* Model */ = {
			isa = PBXGroup;
			children = (
			);
			path = Model;
			sourceTree = "<group>";
		};
		E48E4E621DB32FEE00C4A25F /* View */ = {
			isa = PBXGroup;
			children = (
			);
			path = View;
			sourceTree = "<group>";
		};
		E48E4E631DB32FF500C4A25F /* Home */ = {
			isa = PBXGroup;
			children = (
				E48E4E641DB32FF500C4A25F /* Controller */,
				E48E4E651DB32FF500C4A25F /* Model */,
				E48E4E661DB32FF500C4A25F /* View */,
			);
			path = Home;
			sourceTree = "<group>";
		};
		E48E4E641DB32FF500C4A25F /* Controller */ = {
			isa = PBXGroup;
			children = (
			);
			path = Controller;
			sourceTree = "<group>";
		};
		E48E4E651DB32FF500C4A25F /* Model */ = {
			isa = PBXGroup;
			children = (
			);
			path = Model;
			sourceTree = "<group>";
		};
		E48E4E661DB32FF500C4A25F /* View */ = {
			isa = PBXGroup;
			children = (
			);
			path = View;
			sourceTree = "<group>";
		};
		E48E4E671DB32FFB00C4A25F /* Me */ = {
			isa = PBXGroup;
			children = (
				E48E4E681DB32FFB00C4A25F /* Controller */,
				E48E4E6F1DB32FFB00C4A25F /* Model */,
				E48E4E701DB32FFB00C4A25F /* View */,
			);
			path = Me;
			sourceTree = "<group>";
		};
		E48E4E681DB32FFB00C4A25F /* Controller */ = {
			isa = PBXGroup;
			children = (
				E48E4E691DB32FFB00C4A25F /* HLMeTableController.h */,
				E48E4E6A1DB32FFB00C4A25F /* HLMeTableController.m */,
				E48E4E6B1DB32FFB00C4A25F /* HLUserInfoController.h */,
				E48E4E6C1DB32FFB00C4A25F /* HLUserInfoController.m */,
				E48E4E6D1DB32FFB00C4A25F /* HLUserInfoUpdateController.h */,
				E48E4E6E1DB32FFB00C4A25F /* HLUserInfoUpdateController.m */,
			);
			path = Controller;
			sourceTree = "<group>";
		};
		E48E4E6F1DB32FFB00C4A25F /* Model */ = {
			isa = PBXGroup;
			children = (
			);
			path = Model;
			sourceTree = "<group>";
		};
		E48E4E701DB32FFB00C4A25F /* View */ = {
			isa = PBXGroup;
			children = (
			);
			path = View;
			sourceTree = "<group>";
		};
		E4928C331DA0FB6300A6B345 /* Main */ = {
			isa = PBXGroup;
			children = (
				E48E4E671DB32FFB00C4A25F /* Me */,
				E48E4E631DB32FF500C4A25F /* Home */,
				E48E4E5F1DB32FEE00C4A25F /* Discover */,
				E48E4E551DB32FE600C4A25F /* Contact */,
				E4611E1A1DA3F05C0064AD6C /* Main.storyboard */,
				E43E564C1DBA4E8E005551D0 /* keyboard.plist */,
			);
			path = Main;
			sourceTree = "<group>";
		};
		E4B9D6A21DA51A210012C87E /* Model */ = {
			isa = PBXGroup;
			children = (
				E4B9D6AE1DA51E000012C87E /* Singleton.h */,
				E4B9D6AB1DA51A440012C87E /* HLUserInfo.h */,
				E4B9D6AC1DA51A440012C87E /* HLUserInfo.m */,
			);
			path = Model;
			sourceTree = "<group>";
		};
		E4B9D6A31DA51A210012C87E /* Views */ = {
			isa = PBXGroup;
			children = (
			);
			path = Views;
			sourceTree = "<group>";
		};
		E4C045D21DA0B44F0013172D /* Classes */ = {
			isa = PBXGroup;
			children = (
				E4928C331DA0FB6300A6B345 /* Main */,
				E4C045D31DA0B44F0013172D /* Login */,
				E4611DFE1DA3EFA20064AD6C /* Other */,
			);
			path = Classes;
			sourceTree = "<group>";
		};
		E4C045D31DA0B44F0013172D /* Login */ = {
			isa = PBXGroup;
			children = (
				E4611E231DA3F2170064AD6C /* Controllers */,
				E4611E281DA3F2170064AD6C /* Model */,
				E4611E291DA3F2170064AD6C /* Views */,
				E4C045DB1DA0EF9E0013172D /* Login.storyboard */,
			);
			path = Login;
			sourceTree = "<group>";
		};
/* End PBXGroup section */

/* Begin PBXNativeTarget section */
		E454D4D11D9FD3BD00EA1B08 /* 倾聊 */ = {
			isa = PBXNativeTarget;
			buildConfigurationList = E454D4E91D9FD3BD00EA1B08 /* Build configuration list for PBXNativeTarget "倾聊" */;
			buildPhases = (
				23E5B3BD0BC854EA1ED5BBEB /* [CP] Check Pods Manifest.lock */,
				E454D4CE1D9FD3BD00EA1B08 /* Sources */,
				E454D4CF1D9FD3BD00EA1B08 /* Frameworks */,
				E454D4D01D9FD3BD00EA1B08 /* Resources */,
				FC26CD917B1EE0253AD4B72A /* [CP] Embed Pods Frameworks */,
				42AC49D77493198EEBB3C307 /* [CP] Copy Pods Resources */,
			);
			buildRules = (
			);
			dependencies = (
			);
			name = "倾聊";
			productName = WeChat;
			productReference = E454D4D21D9FD3BD00EA1B08 /* 倾聊.app */;
			productType = "com.apple.product-type.application";
		};
/* End PBXNativeTarget section */

/* Begin PBXProject section */
		E454D4CA1D9FD3BD00EA1B08 /* Project object */ = {
			isa = PBXProject;
			attributes = {
				LastUpgradeCheck = 0800;
				ORGANIZATIONNAME = HLL;
				TargetAttributes = {
					E454D4D11D9FD3BD00EA1B08 = {
						CreatedOnToolsVersion = 8.0;
						DevelopmentTeam = Q54UY9TET3;
						ProvisioningStyle = Manual;
					};
				};
			};
			buildConfigurationList = E454D4CD1D9FD3BD00EA1B08 /* Build configuration list for PBXProject "倾聊" */;
			compatibilityVersion = "Xcode 3.2";
			developmentRegion = English;
			hasScannedForEncodings = 0;
			knownRegions = (
				en,
				Base,
			);
			mainGroup = E454D4C91D9FD3BD00EA1B08;
			productRefGroup = E454D4D31D9FD3BD00EA1B08 /* Products */;
			projectDirPath = "";
			projectRoot = "";
			targets = (
				E454D4D11D9FD3BD00EA1B08 /* 倾聊 */,
			);
		};
/* End PBXProject section */

/* Begin PBXResourcesBuildPhase section */
		E454D4D01D9FD3BD00EA1B08 /* Resources */ = {
			isa = PBXResourcesBuildPhase;
			buildActionMask = 2147483647;
			files = (
				E454D4E51D9FD3BD00EA1B08 /* LaunchScreen.storyboard in Resources */,
				E454D4E21D9FD3BD00EA1B08 /* Assets.xcassets in Resources */,
				E4C045DC1DA0EF9E0013172D /* Login.storyboard in Resources */,
				E4611E1B1DA3F05C0064AD6C /* Main.storyboard in Resources */,
				E43E564B1DBA311F005551D0 /* HLCustomKeyboard.xib in Resources */,
				E43E564D1DBA4E8E005551D0 /* keyboard.plist in Resources */,
			);
			runOnlyForDeploymentPostprocessing = 0;
		};
/* End PBXResourcesBuildPhase section */

/* Begin PBXShellScriptBuildPhase section */
		23E5B3BD0BC854EA1ED5BBEB /* [CP] Check Pods Manifest.lock */ = {
			isa = PBXShellScriptBuildPhase;
			buildActionMask = 2147483647;
			files = (
			);
			inputPaths = (
			);
			name = "[CP] Check Pods Manifest.lock";
			outputPaths = (
			);
			runOnlyForDeploymentPostprocessing = 0;
			shellPath = /bin/sh;
			shellScript = "diff \"${PODS_ROOT}/../Podfile.lock\" \"${PODS_ROOT}/Manifest.lock\" > /dev/null\nif [ $? != 0 ] ; then\n    # print error to STDERR\n    echo \"error: The sandbox is not in sync with the Podfile.lock. Run 'pod install' or update your CocoaPods installation.\" >&2\n    exit 1\nfi\n";
			showEnvVarsInLog = 0;
		};
		42AC49D77493198EEBB3C307 /* [CP] Copy Pods Resources */ = {
			isa = PBXShellScriptBuildPhase;
			buildActionMask = 2147483647;
			files = (
			);
			inputPaths = (
			);
			name = "[CP] Copy Pods Resources";
			outputPaths = (
			);
			runOnlyForDeploymentPostprocessing = 0;
			shellPath = /bin/sh;
			shellScript = "\"${SRCROOT}/Pods/Target Support Files/Pods-倾聊/Pods-倾聊-resources.sh\"\n";
			showEnvVarsInLog = 0;
		};
		FC26CD917B1EE0253AD4B72A /* [CP] Embed Pods Frameworks */ = {
			isa = PBXShellScriptBuildPhase;
			buildActionMask = 2147483647;
			files = (
			);
			inputPaths = (
			);
			name = "[CP] Embed Pods Frameworks";
			outputPaths = (
			);
			runOnlyForDeploymentPostprocessing = 0;
			shellPath = /bin/sh;
			shellScript = "\"${SRCROOT}/Pods/Target Support Files/Pods-倾聊/Pods-倾聊-frameworks.sh\"\n";
			showEnvVarsInLog = 0;
		};
/* End PBXShellScriptBuildPhase section */

/* Begin PBXSourcesBuildPhase section */
		E454D4CE1D9FD3BD00EA1B08 /* Sources */ = {
			isa = PBXSourcesBuildPhase;
			buildActionMask = 2147483647;
			files = (
				E43E56461DB9CDEF005551D0 /* NSDate+HL.m in Sources */,
				E48CC2061DA7FDD90099119C /* UITextField+HL.m in Sources */,
				E48CC2071DA7FDD90099119C /* UIView+HL.m in Sources */,
				E41B6E2D1DB25667007DD8D3 /* HLNavigationController.m in Sources */,
				E43E56491DBA30CA005551D0 /* HLCustomKeyboard.m in Sources */,
				E48E4E5E1DB32FE600C4A25F /* HLContactsTableController.m in Sources */,
				E43F5EFA1DB7C56F00DB6763 /* HLChatViewController.m in Sources */,
				E48E4E711DB32FFB00C4A25F /* HLMeTableController.m in Sources */,
				E48E4E731DB32FFB00C4A25F /* HLUserInfoUpdateController.m in Sources */,
				E4611E2B1DA3F2170064AD6C /* HLOtherLoginController.m in Sources */,
				E454D4D71D9FD3BD00EA1B08 /* main.m in Sources */,
				E4B9D6AD1DA51A440012C87E /* HLUserInfo.m in Sources */,
				E48CC2021DA7FDD90099119C /* UIButton+HL.m in Sources */,
				E42B8BE51DA6478300533DC8 /* HLBaseLoginController.m in Sources */,
				E43E563D1DB9B463005551D0 /* HLSendViewCell.m in Sources */,
				E48E4E5D1DB32FE600C4A25F /* HLAddFriendTableController.m in Sources */,
				E4611E181DA3EFE30064AD6C /* AppDelegate.m in Sources */,
				E48E4E721DB32FFB00C4A25F /* HLUserInfoController.m in Sources */,
				E43E56431DB9C657005551D0 /* HLChatViewCell.m in Sources */,
				E43798151DBC9A5B0048C319 /* UIInputView+HL.m in Sources */,
				E43E56401DB9B570005551D0 /* HLReceiveViewCell.m in Sources */,
				E48CC2011DA7FDD90099119C /* NSString+md5.m in Sources */,
				E48CC2051DA7FDD90099119C /* UIStoryboard+HL.m in Sources */,
				E42430FA1DA7EA9000BFA493 /* HLXMPPTool.m in Sources */,
				E48CC2031DA7FDD90099119C /* UIImage+HL.m in Sources */,
				E48CC2041DA7FDD90099119C /* UIScreen+HL.m in Sources */,
				E4611E2A1DA3F2170064AD6C /* HLLoginController.m in Sources */,
				E43F5EF71DB78B3200DB6763 /* HLHttpTool.m in Sources */,
			);
			runOnlyForDeploymentPostprocessing = 0;
		};
/* End PBXSourcesBuildPhase section */

/* Begin PBXVariantGroup section */
		E454D4E31D9FD3BD00EA1B08 /* LaunchScreen.storyboard */ = {
			isa = PBXVariantGroup;
			children = (
				E454D4E41D9FD3BD00EA1B08 /* Base */,
				E4E6C5DB1DB0C27A0071B71D /* zh-Hans */,
			);
			name = LaunchScreen.storyboard;
			sourceTree = "<group>";
		};
/* End PBXVariantGroup section */

/* Begin XCBuildConfiguration section */
		E454D4E71D9FD3BD00EA1B08 /* Debug */ = {
			isa = XCBuildConfiguration;
			buildSettings = {
				ALWAYS_SEARCH_USER_PATHS = NO;
				CLANG_ANALYZER_LOCALIZABILITY_NONLOCALIZED = YES;
				CLANG_ANALYZER_NONNULL = YES;
				CLANG_CXX_LANGUAGE_STANDARD = "gnu++0x";
				CLANG_CXX_LIBRARY = "libc++";
				CLANG_ENABLE_MODULES = YES;
				CLANG_ENABLE_OBJC_ARC = YES;
				CLANG_WARN_BOOL_CONVERSION = YES;
				CLANG_WARN_CONSTANT_CONVERSION = YES;
				CLANG_WARN_DIRECT_OBJC_ISA_USAGE = YES_ERROR;
				CLANG_WARN_DOCUMENTATION_COMMENTS = YES;
				CLANG_WARN_EMPTY_BODY = YES;
				CLANG_WARN_ENUM_CONVERSION = YES;
				CLANG_WARN_INFINITE_RECURSION = YES;
				CLANG_WARN_INT_CONVERSION = YES;
				CLANG_WARN_OBJC_ROOT_CLASS = YES_ERROR;
				CLANG_WARN_SUSPICIOUS_MOVE = YES;
				CLANG_WARN_SUSPICIOUS_MOVES = YES;
				CLANG_WARN_UNREACHABLE_CODE = YES;
				CLANG_WARN__DUPLICATE_METHOD_MATCH = YES;
				"CODE_SIGN_IDENTITY[sdk=iphoneos*]" = "iPhone Developer";
				COPY_PHASE_STRIP = NO;
				DEBUG_INFORMATION_FORMAT = dwarf;
				ENABLE_STRICT_OBJC_MSGSEND = YES;
				ENABLE_TESTABILITY = YES;
				GCC_C_LANGUAGE_STANDARD = gnu99;
				GCC_DYNAMIC_NO_PIC = NO;
				GCC_NO_COMMON_BLOCKS = YES;
				GCC_OPTIMIZATION_LEVEL = 0;
				GCC_PREPROCESSOR_DEFINITIONS = (
					"DEBUG=1",
					"$(inherited)",
				);
				GCC_WARN_64_TO_32_BIT_CONVERSION = YES;
				GCC_WARN_ABOUT_RETURN_TYPE = YES_ERROR;
				GCC_WARN_UNDECLARED_SELECTOR = YES;
				GCC_WARN_UNINITIALIZED_AUTOS = YES_AGGRESSIVE;
				GCC_WARN_UNUSED_FUNCTION = YES;
				GCC_WARN_UNUSED_VARIABLE = YES;
				IPHONEOS_DEPLOYMENT_TARGET = 10.0;
				MTL_ENABLE_DEBUG_INFO = YES;
				ONLY_ACTIVE_ARCH = YES;
				SDKROOT = iphoneos;
				TARGETED_DEVICE_FAMILY = "1,2";
			};
			name = Debug;
		};
		E454D4E81D9FD3BD00EA1B08 /* Release */ = {
			isa = XCBuildConfiguration;
			buildSettings = {
				ALWAYS_SEARCH_USER_PATHS = NO;
				CLANG_ANALYZER_LOCALIZABILITY_NONLOCALIZED = YES;
				CLANG_ANALYZER_NONNULL = YES;
				CLANG_CXX_LANGUAGE_STANDARD = "gnu++0x";
				CLANG_CXX_LIBRARY = "libc++";
				CLANG_ENABLE_MODULES = YES;
				CLANG_ENABLE_OBJC_ARC = YES;
				CLANG_WARN_BOOL_CONVERSION = YES;
				CLANG_WARN_CONSTANT_CONVERSION = YES;
				CLANG_WARN_DIRECT_OBJC_ISA_USAGE = YES_ERROR;
				CLANG_WARN_DOCUMENTATION_COMMENTS = YES;
				CLANG_WARN_EMPTY_BODY = YES;
				CLANG_WARN_ENUM_CONVERSION = YES;
				CLANG_WARN_INFINITE_RECURSION = YES;
				CLANG_WARN_INT_CONVERSION = YES;
				CLANG_WARN_OBJC_ROOT_CLASS = YES_ERROR;
				CLANG_WARN_SUSPICIOUS_MOVE = YES;
				CLANG_WARN_SUSPICIOUS_MOVES = YES;
				CLANG_WARN_UNREACHABLE_CODE = YES;
				CLANG_WARN__DUPLICATE_METHOD_MATCH = YES;
				"CODE_SIGN_IDENTITY[sdk=iphoneos*]" = "iPhone Developer";
				COPY_PHASE_STRIP = NO;
				DEBUG_INFORMATION_FORMAT = "dwarf-with-dsym";
				ENABLE_NS_ASSERTIONS = NO;
				ENABLE_STRICT_OBJC_MSGSEND = YES;
				GCC_C_LANGUAGE_STANDARD = gnu99;
				GCC_NO_COMMON_BLOCKS = YES;
				GCC_WARN_64_TO_32_BIT_CONVERSION = YES;
				GCC_WARN_ABOUT_RETURN_TYPE = YES_ERROR;
				GCC_WARN_UNDECLARED_SELECTOR = YES;
				GCC_WARN_UNINITIALIZED_AUTOS = YES_AGGRESSIVE;
				GCC_WARN_UNUSED_FUNCTION = YES;
				GCC_WARN_UNUSED_VARIABLE = YES;
				IPHONEOS_DEPLOYMENT_TARGET = 10.0;
				MTL_ENABLE_DEBUG_INFO = NO;
				SDKROOT = iphoneos;
				TARGETED_DEVICE_FAMILY = "1,2";
				VALIDATE_PRODUCT = YES;
			};
			name = Release;
		};
		E454D4EA1D9FD3BD00EA1B08 /* Debug */ = {
			isa = XCBuildConfiguration;
			baseConfigurationReference = 8DF68583F2A784A219EAAA26 /* Pods-倾聊.debug.xcconfig */;
			buildSettings = {
				ASSETCATALOG_COMPILER_APPICON_NAME = AppIcon;
				ASSETCATALOG_COMPILER_LAUNCHIMAGE_NAME = LaunchImage;
				CODE_SIGN_IDENTITY = "iPhone Developer: charlie spiteri (FH9B55JDDN)";
				DEVELOPMENT_TEAM = Q54UY9TET3;
				GCC_PRECOMPILE_PREFIX_HEADER = YES;
				GCC_PREFIX_HEADER = "$(SRCROOT)/倾聊/Classes/Other/PrefixHeader.pch";
				INFOPLIST_FILE = "$(SRCROOT)/倾聊/Info.plist";
				IPHONEOS_DEPLOYMENT_TARGET = 8.0;
				LD_RUNPATH_SEARCH_PATHS = "$(inherited) @executable_path/Frameworks";
				PRODUCT_BUNDLE_IDENTIFIER = HLL.WeChat;
				PRODUCT_NAME = "$(TARGET_NAME)";
				PROVISIONING_PROFILE = "19bf74d5-6d7b-49b6-a223-d563228ab2ce";
				PROVISIONING_PROFILE_SPECIFIER = "* Development 1476513946";
			};
			name = Debug;
		};
		E454D4EB1D9FD3BD00EA1B08 /* Release */ = {
			isa = XCBuildConfiguration;
			baseConfigurationReference = B2A5475611D33C47531BED9F /* Pods-倾聊.release.xcconfig */;
			buildSettings = {
				ASSETCATALOG_COMPILER_APPICON_NAME = AppIcon;
				ASSETCATALOG_COMPILER_LAUNCHIMAGE_NAME = LaunchImage;
				CODE_SIGN_IDENTITY = "iPhone Developer: charlie spiteri (FH9B55JDDN)";
				DEVELOPMENT_TEAM = Q54UY9TET3;
				GCC_PRECOMPILE_PREFIX_HEADER = YES;
				GCC_PREFIX_HEADER = "$(SRCROOT)/倾聊/Classes/Other/PrefixHeader.pch";
				INFOPLIST_FILE = "$(SRCROOT)/倾聊/Info.plist";
				IPHONEOS_DEPLOYMENT_TARGET = 8.0;
				LD_RUNPATH_SEARCH_PATHS = "$(inherited) @executable_path/Frameworks";
				PRODUCT_BUNDLE_IDENTIFIER = HLL.WeChat;
				PRODUCT_NAME = "$(TARGET_NAME)";
				PROVISIONING_PROFILE = "19bf74d5-6d7b-49b6-a223-d563228ab2ce";
				PROVISIONING_PROFILE_SPECIFIER = "* Development 1476513946";
			};
			name = Release;
		};
/* End XCBuildConfiguration section */

/* Begin XCConfigurationList section */
		E454D4CD1D9FD3BD00EA1B08 /* Build configuration list for PBXProject "倾聊" */ = {
			isa = XCConfigurationList;
			buildConfigurations = (
				E454D4E71D9FD3BD00EA1B08 /* Debug */,
				E454D4E81D9FD3BD00EA1B08 /* Release */,
			);
			defaultConfigurationIsVisible = 0;
			defaultConfigurationName = Release;
		};
		E454D4E91D9FD3BD00EA1B08 /* Build configuration list for PBXNativeTarget "倾聊" */ = {
			isa = XCConfigurationList;
			buildConfigurations = (
				E454D4EA1D9FD3BD00EA1B08 /* Debug */,
				E454D4EB1D9FD3BD00EA1B08 /* Release */,
			);
			defaultConfigurationIsVisible = 0;
			defaultConfigurationName = Release;
		};
/* End XCConfigurationList section */
	};
	rootObject = E454D4CA1D9FD3BD00EA1B08 /* Project object */;
}
